
Microsoft Visual Studio Solution File, Format Version 12.00
# Visual Studio Version 17
VisualStudioVersion = 17.11.35327.3
MinimumVisualStudioVersion = 10.0.40219.1
Project("{FAE04EC0-301F-11D3-BF4B-00C04F79EFBC}") = "CapaPersistencia", "CapaPersistencia\CapaPersistencia.csproj", "{3EE67502-B0CC-4C0C-A9D8-9EA3FE51BCC6}"
EndProject
Project("{FAE04EC0-301F-11D3-BF4B-00C04F79EFBC}") = "CapaLogica", "CapaLogica\CapaLogica.csproj", "{683B8B34-E8B5-44EB-9FB7-C5D673F75FD0}"
EndProject
Project("{FAE04EC0-301F-11D3-BF4B-00C04F79EFBC}") = "CapaInterfaz", "CapaInterfaz\CapaInterfaz.csproj", "{AF5A9B5C-1378-40FB-8C10-6D0F0F0B9CD4}"
EndProject
Global
	GlobalSection(SolutionConfigurationPlatforms) = preSolution
		Debug|Any CPU = Debug|Any CPU
		Release|Any CPU = Release|Any CPU
	EndGlobalSection
	GlobalSection(ProjectConfigurationPlatforms) = postSolution
		{3EE67502-B0CC-4C0C-A9D8-9EA3FE51BCC6}.Debug|Any CPU.ActiveCfg = Debug|Any CPU
		{3EE67502-B0CC-4C0C-A9D8-9EA3FE51BCC6}.Debug|Any CPU.Build.0 = Debug|Any CPU
		{3EE67502-B0CC-4C0C-A9D8-9EA3FE51BCC6}.Release|Any CPU.ActiveCfg = Release|Any CPU
		{3EE67502-B0CC-4C0C-A9D8-9EA3FE51BCC6}.Release|Any CPU.Build.0 = Release|Any CPU
		{683B8B34-E8B5-44EB-9FB7-C5D673F75FD0}.Debug|Any CPU.ActiveCfg = Debug|Any CPU
		{683B8B34-E8B5-44EB-9FB7-C5D673F75FD0}.Debug|Any CPU.Build.0 = Debug|Any CPU
		{683B8B34-E8B5-44EB-9FB7-C5D673F75FD0}.Release|Any CPU.ActiveCfg = Release|Any CPU
		{683B8B34-E8B5-44EB-9FB7-C5D673F75FD0}.Release|Any CPU.Build.0 = Release|Any CPU
		{AF5A9B5C-1378-40FB-8C10-6D0F0F0B9CD4}.Debug|Any CPU.ActiveCfg = Debug|Any CPU
		{AF5A9B5C-1378-40FB-8C10-6D0F0F0B9CD4}.Debug|Any CPU.Build.0 = Debug|Any CPU
		{AF5A9B5C-1378-40FB-8C10-6D0F0F0B9CD4}.Release|Any CPU.ActiveCfg = Release|Any CPU
		{AF5A9B5C-1378-40FB-8C10-6D0F0F0B9CD4}.Release|Any CPU.Build.0 = Release|Any CPU
	EndGlobalSection
	GlobalSection(SolutionProperties) = preSolution
		HideSolutionNode = FALSE
	EndGlobalSection
	GlobalSection(ExtensibilityGlobals) = postSolution
		SolutionGuid = {F7C0D46E-AA7E-4913-A09F-FA8AEF2FE7B9}
	EndGlobalSection
EndGlobal
